// !$*UTF8*$!
{
	archiveVersion = 1;
	classes = {
	};
	objectVersion = 55;
	objects = {

/* Begin PBXBuildFile section */
		8C017D5829FB4861009EAC37 /* MarketInfoView.swift in Sources */ = {isa = PBXBuildFile; fileRef = 8C017D5729FB4861009EAC37 /* MarketInfoView.swift */; };
		8C017D5A29FB4FF5009EAC37 /* HomeTestViewController.swift in Sources */ = {isa = PBXBuildFile; fileRef = 8C017D5929FB4FF5009EAC37 /* HomeTestViewController.swift */; };
		8C017D5C29FBA0E6009EAC37 /* UrlSearchView.swift in Sources */ = {isa = PBXBuildFile; fileRef = 8C017D5B29FBA0E6009EAC37 /* UrlSearchView.swift */; };
		8C5E2AD529F797D600C6061E /* ApiListTableView.swift in Sources */ = {isa = PBXBuildFile; fileRef = 8C5E2AD429F797D600C6061E /* ApiListTableView.swift */; };
		8C5E2AD729F797EB00C6061E /* ApiListTableViewCell.swift in Sources */ = {isa = PBXBuildFile; fileRef = 8C5E2AD629F797EB00C6061E /* ApiListTableViewCell.swift */; };
		A5200E6929658CAC00FBFCAF /* ButtonListViewCellCell.swift in Sources */ = {isa = PBXBuildFile; fileRef = A5200E6829658CAC00FBFCAF /* ButtonListViewCellCell.swift */; };
		A53D3E882967A2A90030C6A3 /* SecurityResponse.swift in Sources */ = {isa = PBXBuildFile; fileRef = A53D3E872967A2A90030C6A3 /* SecurityResponse.swift */; };
		A53D3E8B2967A5A50030C6A3 /* SecurityDataCellData.swift in Sources */ = {isa = PBXBuildFile; fileRef = A53D3E8A2967A5A50030C6A3 /* SecurityDataCellData.swift */; };
		A53EA68F29624D3600F0E24A /* AppDelegate.swift in Sources */ = {isa = PBXBuildFile; fileRef = A53EA68E29624D3600F0E24A /* AppDelegate.swift */; };
		A53EA69129624D3600F0E24A /* SceneDelegate.swift in Sources */ = {isa = PBXBuildFile; fileRef = A53EA69029624D3600F0E24A /* SceneDelegate.swift */; };
		A53EA69329624D3600F0E24A /* ViewController.swift in Sources */ = {isa = PBXBuildFile; fileRef = A53EA69229624D3600F0E24A /* ViewController.swift */; };
		A53EA69829624D3B00F0E24A /* Assets.xcassets in Resources */ = {isa = PBXBuildFile; fileRef = A53EA69729624D3B00F0E24A /* Assets.xcassets */; };
		A53EA69B29624D3B00F0E24A /* LaunchScreen.storyboard in Resources */ = {isa = PBXBuildFile; fileRef = A53EA69929624D3B00F0E24A /* LaunchScreen.storyboard */; };
		A53EA6A329624EBE00F0E24A /* MainTabBarController.swift in Sources */ = {isa = PBXBuildFile; fileRef = A53EA6A229624EBE00F0E24A /* MainTabBarController.swift */; };
		A53EA6A529624EFD00F0E24A /* TestViewController.swift in Sources */ = {isa = PBXBuildFile; fileRef = A53EA6A429624EFD00F0E24A /* TestViewController.swift */; };
		A53EA6A829624F6800F0E24A /* Alamofire in Frameworks */ = {isa = PBXBuildFile; productRef = A53EA6A729624F6800F0E24A /* Alamofire */; };
		A53EA6AB29624F9000F0E24A /* SnapKit in Frameworks */ = {isa = PBXBuildFile; productRef = A53EA6AA29624F9000F0E24A /* SnapKit */; };
		A5557FEF296250B500919868 /* GetERAPI.swift in Sources */ = {isa = PBXBuildFile; fileRef = A5557FEE296250B500919868 /* GetERAPI.swift */; };
		A5557FF1296250BE00919868 /* GetERNetwork.swift in Sources */ = {isa = PBXBuildFile; fileRef = A5557FF0296250BE00919868 /* GetERNetwork.swift */; };
		A5557FF3296250C900919868 /* ExchangeRate.swift in Sources */ = {isa = PBXBuildFile; fileRef = A5557FF2296250C900919868 /* ExchangeRate.swift */; };
		A5557FF5296250D300919868 /* ExchangeRateCellData.swift in Sources */ = {isa = PBXBuildFile; fileRef = A5557FF4296250D300919868 /* ExchangeRateCellData.swift */; };
		A5557FFA2962578F00919868 /* ChartViewController.swift in Sources */ = {isa = PBXBuildFile; fileRef = A5557FF92962578F00919868 /* ChartViewController.swift */; };
		A5557FFC2962579F00919868 /* MyFilesViewController.swift in Sources */ = {isa = PBXBuildFile; fileRef = A5557FFB2962579F00919868 /* MyFilesViewController.swift */; };
		A5557FFE296257A900919868 /* SettingsViewController.swift in Sources */ = {isa = PBXBuildFile; fileRef = A5557FFD296257A900919868 /* SettingsViewController.swift */; };
		A5558003296257F300919868 /* HomeViewController.swift in Sources */ = {isa = PBXBuildFile; fileRef = A5558002296257F300919868 /* HomeViewController.swift */; };
		A5558006296273B100919868 /* ShowDataViewController.swift in Sources */ = {isa = PBXBuildFile; fileRef = A5558005296273B000919868 /* ShowDataViewController.swift */; };
		A555800C29627B9300919868 /* ButtonListViewCell.swift in Sources */ = {isa = PBXBuildFile; fileRef = A555800B29627B9300919868 /* ButtonListViewCell.swift */; };
		A55580112962957B00919868 /* ButtonListViewLayout.swift in Sources */ = {isa = PBXBuildFile; fileRef = A55580102962957B00919868 /* ButtonListViewLayout.swift */; };
		A5D1BC13296982480045045B /* ShowDataViewCollectionViewCell.swift in Sources */ = {isa = PBXBuildFile; fileRef = A5D1BC12296982480045045B /* ShowDataViewCollectionViewCell.swift */; };
		A5D1BC80296BD3480045045B /* GridCollectionViewLayout.swift in Sources */ = {isa = PBXBuildFile; fileRef = A5D1BC7F296BD3480045045B /* GridCollectionViewLayout.swift */; };
		A5D1BC8A296BE7EE0045045B /* SiteView.swift in Sources */ = {isa = PBXBuildFile; fileRef = A5D1BC89296BE7EE0045045B /* SiteView.swift */; };
		A5D1BC8D296BE8220045045B /* SwiftUIChartView.swift in Sources */ = {isa = PBXBuildFile; fileRef = A5D1BC8C296BE8220045045B /* SwiftUIChartView.swift */; };
		A5FB4AE8296D7E6000ADD977 /* JsonParser.swift in Sources */ = {isa = PBXBuildFile; fileRef = A5FB4AE7296D7E6000ADD977 /* JsonParser.swift */; };
		A5FB4AFE296FAEB700ADD977 /* ProfileDataView.swift in Sources */ = {isa = PBXBuildFile; fileRef = A5FB4AFD296FAEB700ADD977 /* ProfileDataView.swift */; };
		A5FB4B00296FAED000ADD977 /* ProfileCollectionViewCell.swift in Sources */ = {isa = PBXBuildFile; fileRef = A5FB4AFF296FAED000ADD977 /* ProfileCollectionViewCell.swift */; };
/* End PBXBuildFile section */

/* Begin PBXFileReference section */
		8C017D5729FB4861009EAC37 /* MarketInfoView.swift */ = {isa = PBXFileReference; lastKnownFileType = sourcecode.swift; path = MarketInfoView.swift; sourceTree = "<group>"; };
		8C017D5929FB4FF5009EAC37 /* HomeTestViewController.swift */ = {isa = PBXFileReference; lastKnownFileType = sourcecode.swift; path = HomeTestViewController.swift; sourceTree = "<group>"; };
		8C017D5B29FBA0E6009EAC37 /* UrlSearchView.swift */ = {isa = PBXFileReference; lastKnownFileType = sourcecode.swift; path = UrlSearchView.swift; sourceTree = "<group>"; };
		8C5E2AD429F797D600C6061E /* ApiListTableView.swift */ = {isa = PBXFileReference; lastKnownFileType = sourcecode.swift; path = ApiListTableView.swift; sourceTree = "<group>"; };
		8C5E2AD629F797EB00C6061E /* ApiListTableViewCell.swift */ = {isa = PBXFileReference; lastKnownFileType = sourcecode.swift; path = ApiListTableViewCell.swift; sourceTree = "<group>"; };
		A5200E6829658CAC00FBFCAF /* ButtonListViewCellCell.swift */ = {isa = PBXFileReference; lastKnownFileType = sourcecode.swift; path = ButtonListViewCellCell.swift; sourceTree = "<group>"; };
		A53D3E872967A2A90030C6A3 /* SecurityResponse.swift */ = {isa = PBXFileReference; lastKnownFileType = sourcecode.swift; path = SecurityResponse.swift; sourceTree = "<group>"; };
		A53D3E8A2967A5A50030C6A3 /* SecurityDataCellData.swift */ = {isa = PBXFileReference; lastKnownFileType = sourcecode.swift; path = SecurityDataCellData.swift; sourceTree = "<group>"; };
		A53EA68B29624D3600F0E24A /* KIS_InvestmentInfoApp.app */ = {isa = PBXFileReference; explicitFileType = wrapper.application; includeInIndex = 0; path = KIS_InvestmentInfoApp.app; sourceTree = BUILT_PRODUCTS_DIR; };
		A53EA68E29624D3600F0E24A /* AppDelegate.swift */ = {isa = PBXFileReference; lastKnownFileType = sourcecode.swift; path = AppDelegate.swift; sourceTree = "<group>"; };
		A53EA69029624D3600F0E24A /* SceneDelegate.swift */ = {isa = PBXFileReference; lastKnownFileType = sourcecode.swift; path = SceneDelegate.swift; sourceTree = "<group>"; };
		A53EA69229624D3600F0E24A /* ViewController.swift */ = {isa = PBXFileReference; lastKnownFileType = sourcecode.swift; path = ViewController.swift; sourceTree = "<group>"; };
		A53EA69729624D3B00F0E24A /* Assets.xcassets */ = {isa = PBXFileReference; lastKnownFileType = folder.assetcatalog; path = Assets.xcassets; sourceTree = "<group>"; };
		A53EA69A29624D3B00F0E24A /* Base */ = {isa = PBXFileReference; lastKnownFileType = file.storyboard; name = Base; path = Base.lproj/LaunchScreen.storyboard; sourceTree = "<group>"; };
		A53EA69C29624D3B00F0E24A /* Info.plist */ = {isa = PBXFileReference; lastKnownFileType = text.plist.xml; path = Info.plist; sourceTree = "<group>"; };
		A53EA6A229624EBE00F0E24A /* MainTabBarController.swift */ = {isa = PBXFileReference; lastKnownFileType = sourcecode.swift; path = MainTabBarController.swift; sourceTree = "<group>"; };
		A53EA6A429624EFD00F0E24A /* TestViewController.swift */ = {isa = PBXFileReference; lastKnownFileType = sourcecode.swift; path = TestViewController.swift; sourceTree = "<group>"; };
		A5557FEE296250B500919868 /* GetERAPI.swift */ = {isa = PBXFileReference; lastKnownFileType = sourcecode.swift; path = GetERAPI.swift; sourceTree = "<group>"; };
		A5557FF0296250BE00919868 /* GetERNetwork.swift */ = {isa = PBXFileReference; lastKnownFileType = sourcecode.swift; path = GetERNetwork.swift; sourceTree = "<group>"; };
		A5557FF2296250C900919868 /* ExchangeRate.swift */ = {isa = PBXFileReference; lastKnownFileType = sourcecode.swift; path = ExchangeRate.swift; sourceTree = "<group>"; };
		A5557FF4296250D300919868 /* ExchangeRateCellData.swift */ = {isa = PBXFileReference; lastKnownFileType = sourcecode.swift; path = ExchangeRateCellData.swift; sourceTree = "<group>"; };
		A5557FF92962578F00919868 /* ChartViewController.swift */ = {isa = PBXFileReference; lastKnownFileType = sourcecode.swift; path = ChartViewController.swift; sourceTree = "<group>"; };
		A5557FFB2962579F00919868 /* MyFilesViewController.swift */ = {isa = PBXFileReference; lastKnownFileType = sourcecode.swift; path = MyFilesViewController.swift; sourceTree = "<group>"; };
		A5557FFD296257A900919868 /* SettingsViewController.swift */ = {isa = PBXFileReference; lastKnownFileType = sourcecode.swift; path = SettingsViewController.swift; sourceTree = "<group>"; };
		A5558002296257F300919868 /* HomeViewController.swift */ = {isa = PBXFileReference; lastKnownFileType = sourcecode.swift; path = HomeViewController.swift; sourceTree = "<group>"; };
		A5558005296273B000919868 /* ShowDataViewController.swift */ = {isa = PBXFileReference; lastKnownFileType = sourcecode.swift; path = ShowDataViewController.swift; sourceTree = "<group>"; };
		A555800B29627B9300919868 /* ButtonListViewCell.swift */ = {isa = PBXFileReference; lastKnownFileType = sourcecode.swift; path = ButtonListViewCell.swift; sourceTree = "<group>"; };
		A55580102962957B00919868 /* ButtonListViewLayout.swift */ = {isa = PBXFileReference; lastKnownFileType = sourcecode.swift; path = ButtonListViewLayout.swift; sourceTree = "<group>"; };
		A5D1BC12296982480045045B /* ShowDataViewCollectionViewCell.swift */ = {isa = PBXFileReference; lastKnownFileType = sourcecode.swift; path = ShowDataViewCollectionViewCell.swift; sourceTree = "<group>"; };
		A5D1BC7F296BD3480045045B /* GridCollectionViewLayout.swift */ = {isa = PBXFileReference; lastKnownFileType = sourcecode.swift; path = GridCollectionViewLayout.swift; sourceTree = "<group>"; };
		A5D1BC89296BE7EE0045045B /* SiteView.swift */ = {isa = PBXFileReference; lastKnownFileType = sourcecode.swift; path = SiteView.swift; sourceTree = "<group>"; };
		A5D1BC8C296BE8220045045B /* SwiftUIChartView.swift */ = {isa = PBXFileReference; lastKnownFileType = sourcecode.swift; path = SwiftUIChartView.swift; sourceTree = "<group>"; };
		A5FB4AE7296D7E6000ADD977 /* JsonParser.swift */ = {isa = PBXFileReference; lastKnownFileType = sourcecode.swift; path = JsonParser.swift; sourceTree = "<group>"; };
		A5FB4AFD296FAEB700ADD977 /* ProfileDataView.swift */ = {isa = PBXFileReference; lastKnownFileType = sourcecode.swift; path = ProfileDataView.swift; sourceTree = "<group>"; };
		A5FB4AFF296FAED000ADD977 /* ProfileCollectionViewCell.swift */ = {isa = PBXFileReference; lastKnownFileType = sourcecode.swift; path = ProfileCollectionViewCell.swift; sourceTree = "<group>"; };
/* End PBXFileReference section */

/* Begin PBXFrameworksBuildPhase section */
		A53EA68829624D3600F0E24A /* Frameworks */ = {
			isa = PBXFrameworksBuildPhase;
			buildActionMask = 2147483647;
			files = (
				A53EA6A829624F6800F0E24A /* Alamofire in Frameworks */,
				A53EA6AB29624F9000F0E24A /* SnapKit in Frameworks */,
			);
			runOnlyForDeploymentPostprocessing = 0;
		};
/* End PBXFrameworksBuildPhase section */

/* Begin PBXGroup section */
		8C5E2AD329F7976900C6061E /* SubComponents */ = {
			isa = PBXGroup;
			children = (
				8C5E2AD429F797D600C6061E /* ApiListTableView.swift */,
				8C5E2AD629F797EB00C6061E /* ApiListTableViewCell.swift */,
			);
			path = SubComponents;
			sourceTree = "<group>";
		};
		A53D3E892967A2AD0030C6A3 /* Entity */ = {
			isa = PBXGroup;
			children = (
				A53D3E872967A2A90030C6A3 /* SecurityResponse.swift */,
				A53D3E8A2967A5A50030C6A3 /* SecurityDataCellData.swift */,
			);
			path = Entity;
			sourceTree = "<group>";
		};
		A53EA68229624D3600F0E24A = {
			isa = PBXGroup;
			children = (
				A53EA68D29624D3600F0E24A /* KIS_InvestmentInfoApp */,
				A53EA68C29624D3600F0E24A /* Products */,
			);
			sourceTree = "<group>";
		};
		A53EA68C29624D3600F0E24A /* Products */ = {
			isa = PBXGroup;
			children = (
				A53EA68B29624D3600F0E24A /* KIS_InvestmentInfoApp.app */,
			);
			name = Products;
			sourceTree = "<group>";
		};
		A53EA68D29624D3600F0E24A /* KIS_InvestmentInfoApp */ = {
			isa = PBXGroup;
			children = (
				A53EA68E29624D3600F0E24A /* AppDelegate.swift */,
				A53EA69029624D3600F0E24A /* SceneDelegate.swift */,
				A53EA69229624D3600F0E24A /* ViewController.swift */,
				A53EA69729624D3B00F0E24A /* Assets.xcassets */,
				A53EA69929624D3B00F0E24A /* LaunchScreen.storyboard */,
				A53EA69C29624D3B00F0E24A /* Info.plist */,
				A53EA6A229624EBE00F0E24A /* MainTabBarController.swift */,
				A5558004296257F500919868 /* HomeView */,
				A5558007296273B500919868 /* ShowDataView */,
				A5557FF6296250E000919868 /* TestView */,
				A5557FFF296257AB00919868 /* ChartView */,
				A5558000296257B100919868 /* MyFilesView */,
				A5558001296257B700919868 /* SettingsView */,
			);
			path = KIS_InvestmentInfoApp;
			sourceTree = "<group>";
		};
		A5557FF6296250E000919868 /* TestView */ = {
			isa = PBXGroup;
			children = (
				A53EA6A429624EFD00F0E24A /* TestViewController.swift */,
				A5557FF7296250EA00919868 /* Network */,
				A5557FF8296250F100919868 /* Entities */,
			);
			path = TestView;
			sourceTree = "<group>";
		};
		A5557FF7296250EA00919868 /* Network */ = {
			isa = PBXGroup;
			children = (
				A5557FEE296250B500919868 /* GetERAPI.swift */,
				A5557FF0296250BE00919868 /* GetERNetwork.swift */,
			);
			path = Network;
			sourceTree = "<group>";
		};
		A5557FF8296250F100919868 /* Entities */ = {
			isa = PBXGroup;
			children = (
			);
			path = Entities;
			sourceTree = "<group>";
		};
		A5557FFF296257AB00919868 /* ChartView */ = {
			isa = PBXGroup;
			children = (
				A5557FF92962578F00919868 /* ChartViewController.swift */,
				A5D1BC83296BDBE40045045B /* SwiftUIChart */,
				A53D3E892967A2AD0030C6A3 /* Entity */,
			);
			path = ChartView;
			sourceTree = "<group>";
		};
		A5558000296257B100919868 /* MyFilesView */ = {
			isa = PBXGroup;
			children = (
				A5557FFB2962579F00919868 /* MyFilesViewController.swift */,
			);
			path = MyFilesView;
			sourceTree = "<group>";
		};
		A5558001296257B700919868 /* SettingsView */ = {
			isa = PBXGroup;
			children = (
				A5557FFD296257A900919868 /* SettingsViewController.swift */,
				A5FB4AFD296FAEB700ADD977 /* ProfileDataView.swift */,
				A5FB4AFF296FAED000ADD977 /* ProfileCollectionViewCell.swift */,
				8C5E2AD329F7976900C6061E /* SubComponents */,
			);
			path = SettingsView;
			sourceTree = "<group>";
		};
		A5558004296257F500919868 /* HomeView */ = {
			isa = PBXGroup;
			children = (
				A5558002296257F300919868 /* HomeViewController.swift */,
				8C017D5729FB4861009EAC37 /* MarketInfoView.swift */,
				8C017D5929FB4FF5009EAC37 /* HomeTestViewController.swift */,
				8C017D5B29FBA0E6009EAC37 /* UrlSearchView.swift */,
			);
			path = HomeView;
			sourceTree = "<group>";
		};
		A5558007296273B500919868 /* ShowDataView */ = {
			isa = PBXGroup;
			children = (
				A5558005296273B000919868 /* ShowDataViewController.swift */,
				A5D1BC12296982480045045B /* ShowDataViewCollectionViewCell.swift */,
				A5D1BC7F296BD3480045045B /* GridCollectionViewLayout.swift */,
				A555800829627B4600919868 /* SubComponents */,
				A5D1BC93296C26450045045B /* Entity */,
				A5FB4AE9296D7EE700ADD977 /* JsonToArr */,
			);
			path = ShowDataView;
			sourceTree = "<group>";
		};
		A555800829627B4600919868 /* SubComponents */ = {
			isa = PBXGroup;
			children = (
				A555800F29627BAC00919868 /* ButtonList */,
			);
			path = SubComponents;
			sourceTree = "<group>";
		};
		A555800F29627BAC00919868 /* ButtonList */ = {
			isa = PBXGroup;
			children = (
				A5200E6829658CAC00FBFCAF /* ButtonListViewCellCell.swift */,
				A555800B29627B9300919868 /* ButtonListViewCell.swift */,
				A55580102962957B00919868 /* ButtonListViewLayout.swift */,
			);
			path = ButtonList;
			sourceTree = "<group>";
		};
		A5D1BC83296BDBE40045045B /* SwiftUIChart */ = {
			isa = PBXGroup;
			children = (
				A5D1BC8C296BE8220045045B /* SwiftUIChartView.swift */,
				A5D1BC8B296BE7F10045045B /* Entity */,
			);
			path = SwiftUIChart;
			sourceTree = "<group>";
		};
		A5D1BC8B296BE7F10045045B /* Entity */ = {
			isa = PBXGroup;
			children = (
				A5D1BC89296BE7EE0045045B /* SiteView.swift */,
			);
			path = Entity;
			sourceTree = "<group>";
		};
		A5D1BC93296C26450045045B /* Entity */ = {
			isa = PBXGroup;
			children = (
				A5557FF2296250C900919868 /* ExchangeRate.swift */,
				A5557FF4296250D300919868 /* ExchangeRateCellData.swift */,
			);
			path = Entity;
			sourceTree = "<group>";
		};
		A5FB4AE9296D7EE700ADD977 /* JsonToArr */ = {
			isa = PBXGroup;
			children = (
				A5FB4AE7296D7E6000ADD977 /* JsonParser.swift */,
			);
			path = JsonToArr;
			sourceTree = "<group>";
		};
/* End PBXGroup section */

/* Begin PBXNativeTarget section */
		A53EA68A29624D3600F0E24A /* KIS_InvestmentInfoApp */ = {
			isa = PBXNativeTarget;
			buildConfigurationList = A53EA69F29624D3B00F0E24A /* Build configuration list for PBXNativeTarget "KIS_InvestmentInfoApp" */;
			buildPhases = (
				A53EA68729624D3600F0E24A /* Sources */,
				A53EA68829624D3600F0E24A /* Frameworks */,
				A53EA68929624D3600F0E24A /* Resources */,
			);
			buildRules = (
			);
			dependencies = (
			);
			name = KIS_InvestmentInfoApp;
			packageProductDependencies = (
				A53EA6A729624F6800F0E24A /* Alamofire */,
				A53EA6AA29624F9000F0E24A /* SnapKit */,
			);
			productName = KIS_InvestmentInfoApp;
			productReference = A53EA68B29624D3600F0E24A /* KIS_InvestmentInfoApp.app */;
			productType = "com.apple.product-type.application";
		};
/* End PBXNativeTarget section */

/* Begin PBXProject section */
		A53EA68329624D3600F0E24A /* Project object */ = {
			isa = PBXProject;
			attributes = {
				BuildIndependentTargetsInParallel = 1;
				LastSwiftUpdateCheck = 1340;
				LastUpgradeCheck = 1340;
				TargetAttributes = {
					A53EA68A29624D3600F0E24A = {
						CreatedOnToolsVersion = 13.4.1;
					};
				};
			};
			buildConfigurationList = A53EA68629624D3600F0E24A /* Build configuration list for PBXProject "KIS_InvestmentInfoApp" */;
			compatibilityVersion = "Xcode 13.0";
			developmentRegion = en;
			hasScannedForEncodings = 0;
			knownRegions = (
				en,
				Base,
			);
			mainGroup = A53EA68229624D3600F0E24A;
			packageReferences = (
				A53EA6A629624F6800F0E24A /* XCRemoteSwiftPackageReference "Alamofire" */,
				A53EA6A929624F9000F0E24A /* XCRemoteSwiftPackageReference "SnapKit" */,
			);
			productRefGroup = A53EA68C29624D3600F0E24A /* Products */;
			projectDirPath = "";
			projectRoot = "";
			targets = (
				A53EA68A29624D3600F0E24A /* KIS_InvestmentInfoApp */,
			);
		};
/* End PBXProject section */

/* Begin PBXResourcesBuildPhase section */
		A53EA68929624D3600F0E24A /* Resources */ = {
			isa = PBXResourcesBuildPhase;
			buildActionMask = 2147483647;
			files = (
				A53EA69B29624D3B00F0E24A /* LaunchScreen.storyboard in Resources */,
				A53EA69829624D3B00F0E24A /* Assets.xcassets in Resources */,
			);
			runOnlyForDeploymentPostprocessing = 0;
		};
/* End PBXResourcesBuildPhase section */

/* Begin PBXSourcesBuildPhase section */
		A53EA68729624D3600F0E24A /* Sources */ = {
			isa = PBXSourcesBuildPhase;
			buildActionMask = 2147483647;
			files = (
				A5557FEF296250B500919868 /* GetERAPI.swift in Sources */,
				A53D3E8B2967A5A50030C6A3 /* SecurityDataCellData.swift in Sources */,
				A53EA6A529624EFD00F0E24A /* TestViewController.swift in Sources */,
				A5557FF1296250BE00919868 /* GetERNetwork.swift in Sources */,
				A55580112962957B00919868 /* ButtonListViewLayout.swift in Sources */,
				8C017D5829FB4861009EAC37 /* MarketInfoView.swift in Sources */,
				A5D1BC8D296BE8220045045B /* SwiftUIChartView.swift in Sources */,
				A5FB4AE8296D7E6000ADD977 /* JsonParser.swift in Sources */,
				A53EA69329624D3600F0E24A /* ViewController.swift in Sources */,
				A5557FF3296250C900919868 /* ExchangeRate.swift in Sources */,
				A5200E6929658CAC00FBFCAF /* ButtonListViewCellCell.swift in Sources */,
				8C017D5A29FB4FF5009EAC37 /* HomeTestViewController.swift in Sources */,
				A5D1BC8A296BE7EE0045045B /* SiteView.swift in Sources */,
				8C017D5C29FBA0E6009EAC37 /* UrlSearchView.swift in Sources */,
				A555800C29627B9300919868 /* ButtonListViewCell.swift in Sources */,
				A5D1BC13296982480045045B /* ShowDataViewCollectionViewCell.swift in Sources */,
				A5D1BC80296BD3480045045B /* GridCollectionViewLayout.swift in Sources */,
				8C5E2AD529F797D600C6061E /* ApiListTableView.swift in Sources */,
				A5557FF5296250D300919868 /* ExchangeRateCellData.swift in Sources */,
				A53EA68F29624D3600F0E24A /* AppDelegate.swift in Sources */,
				A53EA6A329624EBE00F0E24A /* MainTabBarController.swift in Sources */,
				A5FB4AFE296FAEB700ADD977 /* ProfileDataView.swift in Sources */,
				A5FB4B00296FAED000ADD977 /* ProfileCollectionViewCell.swift in Sources */,
				8C5E2AD729F797EB00C6061E /* ApiListTableViewCell.swift in Sources */,
				A5557FFC2962579F00919868 /* MyFilesViewController.swift in Sources */,
				A53EA69129624D3600F0E24A /* SceneDelegate.swift in Sources */,
				A53D3E882967A2A90030C6A3 /* SecurityResponse.swift in Sources */,
				A5557FFA2962578F00919868 /* ChartViewController.swift in Sources */,
				A5558003296257F300919868 /* HomeViewController.swift in Sources */,
				A5557FFE296257A900919868 /* SettingsViewController.swift in Sources */,
				A5558006296273B100919868 /* ShowDataViewController.swift in Sources */,
			);
			runOnlyForDeploymentPostprocessing = 0;
		};
/* End PBXSourcesBuildPhase section */

/* Begin PBXVariantGroup section */
		A53EA69929624D3B00F0E24A /* LaunchScreen.storyboard */ = {
			isa = PBXVariantGroup;
			children = (
				A53EA69A29624D3B00F0E24A /* Base */,
			);
			name = LaunchScreen.storyboard;
			sourceTree = "<group>";
		};
/* End PBXVariantGroup section */

/* Begin XCBuildConfiguration section */
		A53EA69D29624D3B00F0E24A /* Debug */ = {
			isa = XCBuildConfiguration;
			buildSettings = {
				ALWAYS_SEARCH_USER_PATHS = NO;
				CLANG_ANALYZER_NONNULL = YES;
				CLANG_ANALYZER_NUMBER_OBJECT_CONVERSION = YES_AGGRESSIVE;
				CLANG_CXX_LANGUAGE_STANDARD = "gnu++17";
				CLANG_ENABLE_MODULES = YES;
				CLANG_ENABLE_OBJC_ARC = YES;
				CLANG_ENABLE_OBJC_WEAK = YES;
				CLANG_WARN_BLOCK_CAPTURE_AUTORELEASING = YES;
				CLANG_WARN_BOOL_CONVERSION = YES;
				CLANG_WARN_COMMA = YES;
				CLANG_WARN_CONSTANT_CONVERSION = YES;
				CLANG_WARN_DEPRECATED_OBJC_IMPLEMENTATIONS = YES;
				CLANG_WARN_DIRECT_OBJC_ISA_USAGE = YES_ERROR;
				CLANG_WARN_DOCUMENTATION_COMMENTS = YES;
				CLANG_WARN_EMPTY_BODY = YES;
				CLANG_WARN_ENUM_CONVERSION = YES;
				CLANG_WARN_INFINITE_RECURSION = YES;
				CLANG_WARN_INT_CONVERSION = YES;
				CLANG_WARN_NON_LITERAL_NULL_CONVERSION = YES;
				CLANG_WARN_OBJC_IMPLICIT_RETAIN_SELF = YES;
				CLANG_WARN_OBJC_LITERAL_CONVERSION = YES;
				CLANG_WARN_OBJC_ROOT_CLASS = YES_ERROR;
				CLANG_WARN_QUOTED_INCLUDE_IN_FRAMEWORK_HEADER = YES;
				CLANG_WARN_RANGE_LOOP_ANALYSIS = YES;
				CLANG_WARN_STRICT_PROTOTYPES = YES;
				CLANG_WARN_SUSPICIOUS_MOVE = YES;
				CLANG_WARN_UNGUARDED_AVAILABILITY = YES_AGGRESSIVE;
				CLANG_WARN_UNREACHABLE_CODE = YES;
				CLANG_WARN__DUPLICATE_METHOD_MATCH = YES;
				COPY_PHASE_STRIP = NO;
				DEBUG_INFORMATION_FORMAT = dwarf;
				ENABLE_STRICT_OBJC_MSGSEND = YES;
				ENABLE_TESTABILITY = YES;
				GCC_C_LANGUAGE_STANDARD = gnu11;
				GCC_DYNAMIC_NO_PIC = NO;
				GCC_NO_COMMON_BLOCKS = YES;
				GCC_OPTIMIZATION_LEVEL = 0;
				GCC_PREPROCESSOR_DEFINITIONS = (
					"DEBUG=1",
					"$(inherited)",
				);
				GCC_WARN_64_TO_32_BIT_CONVERSION = YES;
				GCC_WARN_ABOUT_RETURN_TYPE = YES_ERROR;
				GCC_WARN_UNDECLARED_SELECTOR = YES;
				GCC_WARN_UNINITIALIZED_AUTOS = YES_AGGRESSIVE;
				GCC_WARN_UNUSED_FUNCTION = YES;
				GCC_WARN_UNUSED_VARIABLE = YES;
				IPHONEOS_DEPLOYMENT_TARGET = 16.0;
				MTL_ENABLE_DEBUG_INFO = INCLUDE_SOURCE;
				MTL_FAST_MATH = YES;
				ONLY_ACTIVE_ARCH = YES;
				SDKROOT = iphoneos;
				SWIFT_ACTIVE_COMPILATION_CONDITIONS = DEBUG;
				SWIFT_OPTIMIZATION_LEVEL = "-Onone";
			};
			name = Debug;
		};
		A53EA69E29624D3B00F0E24A /* Release */ = {
			isa = XCBuildConfiguration;
			buildSettings = {
				ALWAYS_SEARCH_USER_PATHS = NO;
				CLANG_ANALYZER_NONNULL = YES;
				CLANG_ANALYZER_NUMBER_OBJECT_CONVERSION = YES_AGGRESSIVE;
				CLANG_CXX_LANGUAGE_STANDARD = "gnu++17";
				CLANG_ENABLE_MODULES = YES;
				CLANG_ENABLE_OBJC_ARC = YES;
				CLANG_ENABLE_OBJC_WEAK = YES;
				CLANG_WARN_BLOCK_CAPTURE_AUTORELEASING = YES;
				CLANG_WARN_BOOL_CONVERSION = YES;
				CLANG_WARN_COMMA = YES;
				CLANG_WARN_CONSTANT_CONVERSION = YES;
				CLANG_WARN_DEPRECATED_OBJC_IMPLEMENTATIONS = YES;
				CLANG_WARN_DIRECT_OBJC_ISA_USAGE = YES_ERROR;
				CLANG_WARN_DOCUMENTATION_COMMENTS = YES;
				CLANG_WARN_EMPTY_BODY = YES;
				CLANG_WARN_ENUM_CONVERSION = YES;
				CLANG_WARN_INFINITE_RECURSION = YES;
				CLANG_WARN_INT_CONVERSION = YES;
				CLANG_WARN_NON_LITERAL_NULL_CONVERSION = YES;
				CLANG_WARN_OBJC_IMPLICIT_RETAIN_SELF = YES;
				CLANG_WARN_OBJC_LITERAL_CONVERSION = YES;
				CLANG_WARN_OBJC_ROOT_CLASS = YES_ERROR;
				CLANG_WARN_QUOTED_INCLUDE_IN_FRAMEWORK_HEADER = YES;
				CLANG_WARN_RANGE_LOOP_ANALYSIS = YES;
				CLANG_WARN_STRICT_PROTOTYPES = YES;
				CLANG_WARN_SUSPICIOUS_MOVE = YES;
				CLANG_WARN_UNGUARDED_AVAILABILITY = YES_AGGRESSIVE;
				CLANG_WARN_UNREACHABLE_CODE = YES;
				CLANG_WARN__DUPLICATE_METHOD_MATCH = YES;
				COPY_PHASE_STRIP = NO;
				DEBUG_INFORMATION_FORMAT = "dwarf-with-dsym";
				ENABLE_NS_ASSERTIONS = NO;
				ENABLE_STRICT_OBJC_MSGSEND = YES;
				GCC_C_LANGUAGE_STANDARD = gnu11;
				GCC_NO_COMMON_BLOCKS = YES;
				GCC_WARN_64_TO_32_BIT_CONVERSION = YES;
				GCC_WARN_ABOUT_RETURN_TYPE = YES_ERROR;
				GCC_WARN_UNDECLARED_SELECTOR = YES;
				GCC_WARN_UNINITIALIZED_AUTOS = YES_AGGRESSIVE;
				GCC_WARN_UNUSED_FUNCTION = YES;
				GCC_WARN_UNUSED_VARIABLE = YES;
				IPHONEOS_DEPLOYMENT_TARGET = 16.0;
				MTL_ENABLE_DEBUG_INFO = NO;
				MTL_FAST_MATH = YES;
				SDKROOT = iphoneos;
				SWIFT_COMPILATION_MODE = wholemodule;
				SWIFT_OPTIMIZATION_LEVEL = "-O";
				VALIDATE_PRODUCT = YES;
			};
			name = Release;
		};
		A53EA6A029624D3B00F0E24A /* Debug */ = {
			isa = XCBuildConfiguration;
			buildSettings = {
				ASSETCATALOG_COMPILER_APPICON_NAME = AppIcon;
				ASSETCATALOG_COMPILER_GLOBAL_ACCENT_COLOR_NAME = AccentColor;
				CODE_SIGN_STYLE = Automatic;
				CURRENT_PROJECT_VERSION = 1;
				DEVELOPMENT_TEAM = 547FDNLPUV;
				GENERATE_INFOPLIST_FILE = YES;
				INFOPLIST_FILE = KIS_InvestmentInfoApp/Info.plist;
				INFOPLIST_KEY_UIApplicationSupportsIndirectInputEvents = YES;
				INFOPLIST_KEY_UILaunchStoryboardName = LaunchScreen;
				INFOPLIST_KEY_UISupportedInterfaceOrientations_iPad = "UIInterfaceOrientationPortrait UIInterfaceOrientationPortraitUpsideDown UIInterfaceOrientationLandscapeLeft UIInterfaceOrientationLandscapeRight";
				INFOPLIST_KEY_UISupportedInterfaceOrientations_iPhone = "UIInterfaceOrientationPortrait UIInterfaceOrientationLandscapeLeft UIInterfaceOrientationLandscapeRight";
				LD_RUNPATH_SEARCH_PATHS = (
					"$(inherited)",
					"@executable_path/Frameworks",
				);
				MARKETING_VERSION = 1.0;
				PRODUCT_BUNDLE_IDENTIFIER = "yang.KIS-InvestmentInfoApp";
				PRODUCT_NAME = "$(TARGET_NAME)";
				SWIFT_EMIT_LOC_STRINGS = YES;
				SWIFT_VERSION = 5.0;
				TARGETED_DEVICE_FAMILY = "1,2";
			};
			name = Debug;
		};
		A53EA6A129624D3B00F0E24A /* Release */ = {
			isa = XCBuildConfiguration;
			buildSettings = {
				ASSETCATALOG_COMPILER_APPICON_NAME = AppIcon;
				ASSETCATALOG_COMPILER_GLOBAL_ACCENT_COLOR_NAME = AccentColor;
				CODE_SIGN_STYLE = Automatic;
				CURRENT_PROJECT_VERSION = 1;
				DEVELOPMENT_TEAM = 547FDNLPUV;
				GENERATE_INFOPLIST_FILE = YES;
				INFOPLIST_FILE = KIS_InvestmentInfoApp/Info.plist;
				INFOPLIST_KEY_UIApplicationSupportsIndirectInputEvents = YES;
				INFOPLIST_KEY_UILaunchStoryboardName = LaunchScreen;
				INFOPLIST_KEY_UISupportedInterfaceOrientations_iPad = "UIInterfaceOrientationPortrait UIInterfaceOrientationPortraitUpsideDown UIInterfaceOrientationLandscapeLeft UIInterfaceOrientationLandscapeRight";
				INFOPLIST_KEY_UISupportedInterfaceOrientations_iPhone = "UIInterfaceOrientationPortrait UIInterfaceOrientationLandscapeLeft UIInterfaceOrientationLandscapeRight";
				LD_RUNPATH_SEARCH_PATHS = (
					"$(inherited)",
					"@executable_path/Frameworks",
				);
				MARKETING_VERSION = 1.0;
				PRODUCT_BUNDLE_IDENTIFIER = "yang.KIS-InvestmentInfoApp";
				PRODUCT_NAME = "$(TARGET_NAME)";
				SWIFT_EMIT_LOC_STRINGS = YES;
				SWIFT_VERSION = 5.0;
				TARGETED_DEVICE_FAMILY = "1,2";
			};
			name = Release;
		};
/* End XCBuildConfiguration section */

/* Begin XCConfigurationList section */
		A53EA68629624D3600F0E24A /* Build configuration list for PBXProject "KIS_InvestmentInfoApp" */ = {
			isa = XCConfigurationList;
			buildConfigurations = (
				A53EA69D29624D3B00F0E24A /* Debug */,
				A53EA69E29624D3B00F0E24A /* Release */,
			);
			defaultConfigurationIsVisible = 0;
			defaultConfigurationName = Release;
		};
		A53EA69F29624D3B00F0E24A /* Build configuration list for PBXNativeTarget "KIS_InvestmentInfoApp" */ = {
			isa = XCConfigurationList;
			buildConfigurations = (
				A53EA6A029624D3B00F0E24A /* Debug */,
				A53EA6A129624D3B00F0E24A /* Release */,
			);
			defaultConfigurationIsVisible = 0;
			defaultConfigurationName = Release;
		};
/* End XCConfigurationList section */

/* Begin XCRemoteSwiftPackageReference section */
		A53EA6A629624F6800F0E24A /* XCRemoteSwiftPackageReference "Alamofire" */ = {
			isa = XCRemoteSwiftPackageReference;
			repositoryURL = "https://github.com/Alamofire/Alamofire.git";
			requirement = {
				kind = upToNextMajorVersion;
				minimumVersion = 5.0.0;
			};
		};
		A53EA6A929624F9000F0E24A /* XCRemoteSwiftPackageReference "SnapKit" */ = {
			isa = XCRemoteSwiftPackageReference;
			repositoryURL = "https://github.com/SnapKit/SnapKit.git";
			requirement = {
				kind = upToNextMajorVersion;
				minimumVersion = 5.0.0;
			};
		};
/* End XCRemoteSwiftPackageReference section */

/* Begin XCSwiftPackageProductDependency section */
		A53EA6A729624F6800F0E24A /* Alamofire */ = {
			isa = XCSwiftPackageProductDependency;
			package = A53EA6A629624F6800F0E24A /* XCRemoteSwiftPackageReference "Alamofire" */;
			productName = Alamofire;
		};
		A53EA6AA29624F9000F0E24A /* SnapKit */ = {
			isa = XCSwiftPackageProductDependency;
			package = A53EA6A929624F9000F0E24A /* XCRemoteSwiftPackageReference "SnapKit" */;
			productName = SnapKit;
		};
/* End XCSwiftPackageProductDependency section */
	};
	rootObject = A53EA68329624D3600F0E24A /* Project object */;
}
